
Microsoft Visual Studio Solution File, Format Version 12.00
# Visual Studio Version 17
VisualStudioVersion = 17.8.34330.188
MinimumVisualStudioVersion = 10.0.40219.1
Project("{FAE04EC0-301F-11D3-BF4B-00C04F79EFBC}") = "Fiap.Api.Donation2", "Fiap.Api.Donation2.csproj", "{2F0F3823-6155-4686-8228-F2207FA1B81F}"
EndProject
Global
	GlobalSection(SolutionConfigurationPlatforms) = preSolution
		Debug|Any CPU = Debug|Any CPU
		Release|Any CPU = Release|Any CPU
	EndGlobalSection
	GlobalSection(ProjectConfigurationPlatforms) = postSolution
		{2F0F3823-6155-4686-8228-F2207FA1B81F}.Debug|Any CPU.ActiveCfg = Debug|Any CPU
		{2F0F3823-6155-4686-8228-F2207FA1B81F}.Debug|Any CPU.Build.0 = Debug|Any CPU
		{2F0F3823-6155-4686-8228-F2207FA1B81F}.Release|Any CPU.ActiveCfg = Release|Any CPU
		{2F0F3823-6155-4686-8228-F2207FA1B81F}.Release|Any CPU.Build.0 = Release|Any CPU
	EndGlobalSection
	GlobalSection(SolutionProperties) = preSolution
		HideSolutionNode = FALSE
	EndGlobalSection
	GlobalSection(ExtensibilityGlobals) = postSolution
		SolutionGuid = {F57637AC-BF1B-45A8-A19C-E32B01E0DF60}
	EndGlobalSection
EndGlobal
